
Microsoft Visual Studio Solution File, Format Version 12.00
# Visual Studio Version 17
VisualStudioVersion = 17.9.34723.18
MinimumVisualStudioVersion = 10.0.40219.1
Project("{FAE04EC0-301F-11D3-BF4B-00C04F79EFBC}") = "Lecture4_Prog120", "Lecture4_Prog120\Lecture4_Prog120.csproj", "{523D7A1E-FFAA-4512-B0C0-E4A9F2CFCA82}"
EndProject
Global
	GlobalSection(SolutionConfigurationPlatforms) = preSolution
		Debug|Any CPU = Debug|Any CPU
		Release|Any CPU = Release|Any CPU
	EndGlobalSection
	GlobalSection(ProjectConfigurationPlatforms) = postSolution
		{523D7A1E-FFAA-4512-B0C0-E4A9F2CFCA82}.Debug|Any CPU.ActiveCfg = Debug|Any CPU
		{523D7A1E-FFAA-4512-B0C0-E4A9F2CFCA82}.Debug|Any CPU.Build.0 = Debug|Any CPU
		{523D7A1E-FFAA-4512-B0C0-E4A9F2CFCA82}.Release|Any CPU.ActiveCfg = Release|Any CPU
		{523D7A1E-FFAA-4512-B0C0-E4A9F2CFCA82}.Release|Any CPU.Build.0 = Release|Any CPU
	EndGlobalSection
	GlobalSection(SolutionProperties) = preSolution
		HideSolutionNode = FALSE
	EndGlobalSection
	GlobalSection(ExtensibilityGlobals) = postSolution
		SolutionGuid = {11F87D06-D759-412E-B521-A6C2EE8474A0}
	EndGlobalSection
EndGlobal
